
Microsoft Visual Studio Solution File, Format Version 12.00
# Visual Studio Version 16
VisualStudioVersion = 16.0.31205.134
MinimumVisualStudioVersion = 10.0.40219.1
Project("{9A19103F-16F7-4668-BE54-9A1E7A4F7556}") = "SWQ-Project", "SWQ-Project\SWQ-Project.csproj", "{31B17FAE-7D0E-4D59-B49E-B70AC4BC9457}"
EndProject
Project("{FAE04EC0-301F-11D3-BF4B-00C04F79EFBC}") = "SWQ-Project_Test", "SWQ-Project_Test\SWQ-Project_Test.csproj", "{3E046676-95EF-416D-A286-F1C4B7FEC9C1}"
EndProject
Global
	GlobalSection(SolutionConfigurationPlatforms) = preSolution
		Debug|Any CPU = Debug|Any CPU
		Release|Any CPU = Release|Any CPU
	EndGlobalSection
	GlobalSection(ProjectConfigurationPlatforms) = postSolution
		{31B17FAE-7D0E-4D59-B49E-B70AC4BC9457}.Debug|Any CPU.ActiveCfg = Debug|Any CPU
		{31B17FAE-7D0E-4D59-B49E-B70AC4BC9457}.Debug|Any CPU.Build.0 = Debug|Any CPU
		{31B17FAE-7D0E-4D59-B49E-B70AC4BC9457}.Release|Any CPU.ActiveCfg = Release|Any CPU
		{31B17FAE-7D0E-4D59-B49E-B70AC4BC9457}.Release|Any CPU.Build.0 = Release|Any CPU
		{3E046676-95EF-416D-A286-F1C4B7FEC9C1}.Debug|Any CPU.ActiveCfg = Debug|Any CPU
		{3E046676-95EF-416D-A286-F1C4B7FEC9C1}.Debug|Any CPU.Build.0 = Debug|Any CPU
		{3E046676-95EF-416D-A286-F1C4B7FEC9C1}.Release|Any CPU.ActiveCfg = Release|Any CPU
		{3E046676-95EF-416D-A286-F1C4B7FEC9C1}.Release|Any CPU.Build.0 = Release|Any CPU
	EndGlobalSection
	GlobalSection(SolutionProperties) = preSolution
		HideSolutionNode = FALSE
	EndGlobalSection
	GlobalSection(ExtensibilityGlobals) = postSolution
		SolutionGuid = {C8788B20-629F-4C58-AE63-81A07350798A}
	EndGlobalSection
EndGlobal
