
Microsoft Visual Studio Solution File, Format Version 12.00
Project("{FAE04EC0-301F-11D3-BF4B-00C04F79EFBC}") = "SWQ-Project", "SWQ-Project\SWQ-Project.csproj", "{31B17FAE-7D0E-4D59-B49E-B70AC4BC9457}"
EndProject
Global
	GlobalSection(SolutionConfigurationPlatforms) = preSolution
		Debug|Any CPU = Debug|Any CPU
		Release|Any CPU = Release|Any CPU
	EndGlobalSection
	GlobalSection(ProjectConfigurationPlatforms) = postSolution
		{31B17FAE-7D0E-4D59-B49E-B70AC4BC9457}.Debug|Any CPU.ActiveCfg = Debug|Any CPU
		{31B17FAE-7D0E-4D59-B49E-B70AC4BC9457}.Debug|Any CPU.Build.0 = Debug|Any CPU
		{31B17FAE-7D0E-4D59-B49E-B70AC4BC9457}.Release|Any CPU.ActiveCfg = Release|Any CPU
		{31B17FAE-7D0E-4D59-B49E-B70AC4BC9457}.Release|Any CPU.Build.0 = Release|Any CPU
	EndGlobalSection
EndGlobal
